
Microsoft Visual Studio Solution File, Format Version 12.00
# Visual Studio 2013
VisualStudioVersion = 12.0.31101.0
MinimumVisualStudioVersion = 10.0.40219.1
Project("{FAE04EC0-301F-11D3-BF4B-00C04F79EFBC}") = "Web", "Web\Web.csproj", "{0E1AC5E4-4B7A-440E-BDE7-489884321A44}"
EndProject
Project("{FAE04EC0-301F-11D3-BF4B-00C04F79EFBC}") = "DAL", "DAL\DAL.csproj", "{EA62953A-5353-42BB-85B1-3D542EDF6774}"
EndProject
Project("{FAE04EC0-301F-11D3-BF4B-00C04F79EFBC}") = "CSS360.Web", "CSS360.Web\CSS360.Web.csproj", "{B639E7CF-114B-4BB4-8FBA-2BF0587FEAF5}"
EndProject
Project("{FAE04EC0-301F-11D3-BF4B-00C04F79EFBC}") = "HaiMaApp.Web", "HaiMaApp.Web\HaiMaApp.Web.csproj", "{E37072B0-758C-440F-9EC9-412CBE6888F8}"
EndProject
Global
	GlobalSection(SolutionConfigurationPlatforms) = preSolution
		Debug|Any CPU = Debug|Any CPU
		Release|Any CPU = Release|Any CPU
	EndGlobalSection
	GlobalSection(ProjectConfigurationPlatforms) = postSolution
		{0E1AC5E4-4B7A-440E-BDE7-489884321A44}.Debug|Any CPU.ActiveCfg = Debug|Any CPU
		{0E1AC5E4-4B7A-440E-BDE7-489884321A44}.Debug|Any CPU.Build.0 = Debug|Any CPU
		{0E1AC5E4-4B7A-440E-BDE7-489884321A44}.Release|Any CPU.ActiveCfg = Release|Any CPU
		{0E1AC5E4-4B7A-440E-BDE7-489884321A44}.Release|Any CPU.Build.0 = Release|Any CPU
		{EA62953A-5353-42BB-85B1-3D542EDF6774}.Debug|Any CPU.ActiveCfg = Debug|Any CPU
		{EA62953A-5353-42BB-85B1-3D542EDF6774}.Debug|Any CPU.Build.0 = Debug|Any CPU
		{EA62953A-5353-42BB-85B1-3D542EDF6774}.Release|Any CPU.ActiveCfg = Release|Any CPU
		{EA62953A-5353-42BB-85B1-3D542EDF6774}.Release|Any CPU.Build.0 = Release|Any CPU
		{B639E7CF-114B-4BB4-8FBA-2BF0587FEAF5}.Debug|Any CPU.ActiveCfg = Debug|Any CPU
		{B639E7CF-114B-4BB4-8FBA-2BF0587FEAF5}.Debug|Any CPU.Build.0 = Debug|Any CPU
		{B639E7CF-114B-4BB4-8FBA-2BF0587FEAF5}.Release|Any CPU.ActiveCfg = Release|Any CPU
		{B639E7CF-114B-4BB4-8FBA-2BF0587FEAF5}.Release|Any CPU.Build.0 = Release|Any CPU
		{E37072B0-758C-440F-9EC9-412CBE6888F8}.Debug|Any CPU.ActiveCfg = Debug|Any CPU
		{E37072B0-758C-440F-9EC9-412CBE6888F8}.Debug|Any CPU.Build.0 = Debug|Any CPU
		{E37072B0-758C-440F-9EC9-412CBE6888F8}.Release|Any CPU.ActiveCfg = Release|Any CPU
		{E37072B0-758C-440F-9EC9-412CBE6888F8}.Release|Any CPU.Build.0 = Release|Any CPU
	EndGlobalSection
	GlobalSection(SolutionProperties) = preSolution
		HideSolutionNode = FALSE
	EndGlobalSection
	GlobalSection(SubversionScc) = preSolution
		Svn-Managed = True
		Manager = AnkhSVN - Subversion Support for Visual Studio
	EndGlobalSection
EndGlobal
